{
  "requires": true,
  "lockfileVersion": 1,
  "dependencies": {
    "async-done": {
      "version": "1.2.4",
      "resolved": "https://registry.npmjs.org/async-done/-/async-done-1.2.4.tgz",
      "integrity": "sha512-mxc+yISkb0vjsuvG3dJCIZXzRWjKndQ9Zo9zNDJ1K2wh9eP0E0oGmOWm+4cFOvW4dA0tGFImTW5tQJHCtn1kIQ==",
      "requires": {
        "end-of-stream": "1.4.1",
        "once": "1.4.0",
        "process-nextick-args": "1.0.7",
        "stream-exhaust": "1.0.2"
      }
    },
    "createClass": {
      "version": "1.0.7",
      "resolved": "https://registry.npmjs.org/createClass/-/createClass-1.0.7.tgz",
      "integrity": "sha1-WcUhazV65sk+iqqT+3KyYIFtW1k=",
      "requires": {
        "inherits": "2.0.3"
      }
    },
    "cytoscape": {
      "version": "3.2.9",
      "resolved": "https://registry.npmjs.org/cytoscape/-/cytoscape-3.2.9.tgz",
      "integrity": "sha512-BqYJsq1Q3Bm5A/fk9nRAcF6bOdQOyo5ko+NEvh8ufAylCG6Vx3jtZu3G4CXr14b+7VlpSC8a3kA6+rd6LX+EBQ==",
      "requires": {
        "heap": "0.2.6",
        "lodash.debounce": "4.0.8"
      }
    },
    "cytoscape-cola": {
      "version": "2.1.0",
      "resolved": "https://registry.npmjs.org/cytoscape-cola/-/cytoscape-cola-2.1.0.tgz",
      "integrity": "sha512-NhRolioV6y/9OnIztsE1km2ueXGhXXpIKqkO+aCQoDMACC+NhSRI5o2ddjs86G46hx2cNV0+eUk86UJMeBtprA==",
      "requires": {
        "webcola": "3.3.8"
      }
    },
    "cytoscape-cose-bilkent": {
      "version": "4.0.0",
      "resolved": "https://registry.npmjs.org/cytoscape-cose-bilkent/-/cytoscape-cose-bilkent-4.0.0.tgz",
      "integrity": "sha1-Xwr75cVaegJkQrdWyjiM53wmKWc="
    },
    "cytoscape-cxtmenu": {
      "version": "3.0.0",
      "resolved": "https://registry.npmjs.org/cytoscape-cxtmenu/-/cytoscape-cxtmenu-3.0.0.tgz",
      "integrity": "sha512-l8YKLuziWya6MxV1j3tgPkrNwPILfzCZUTLtblg0ibhBxy2RU/nlsx0jhuVFtDR9YDYfkWNRM1MJNplaFVCjPQ=="
    },
    "cytoscape-edgehandles": {
      "version": "3.2.2",
      "resolved": "https://registry.npmjs.org/cytoscape-edgehandles/-/cytoscape-edgehandles-3.2.2.tgz",
      "integrity": "sha512-i5PoVUSmVNVO+6mA0hP6qJIm9NebvixApzmvUyF75BCvFXIk3o9Y61gJcmR53/XIHc+HEtnr7Qbadj2V3QdhoA=="
    },
    "cytoscape-panzoom": {
      "version": "2.5.2",
      "resolved": "https://registry.npmjs.org/cytoscape-panzoom/-/cytoscape-panzoom-2.5.2.tgz",
      "integrity": "sha1-5407nlvBo9o2aVZadtlrmbWnCgU=",
      "requires": {
        "jquery": "3.3.1"
      }
    },
    "cytoscape-spread": {
      "version": "2.1.0",
      "resolved": "https://registry.npmjs.org/cytoscape-spread/-/cytoscape-spread-2.1.0.tgz",
      "integrity": "sha512-+QKwf77AYsCDH7m912vX3818YOSugQMtQhAzC/lbhSUvoNcpi+moGcU6VEtLC+TUwJOeGAc7yjQ05m0VbHUYig==",
      "requires": {
        "weaverjs": "1.2.0"
      }
    },
    "d3-dispatch": {
      "version": "1.0.3",
      "resolved": "https://registry.npmjs.org/d3-dispatch/-/d3-dispatch-1.0.3.tgz",
      "integrity": "sha1-RuFJHqqbWMNY/OW+TovtYm54cfg="
    },
    "d3-drag": {
      "version": "1.2.1",
      "resolved": "https://registry.npmjs.org/d3-drag/-/d3-drag-1.2.1.tgz",
      "integrity": "sha512-Cg8/K2rTtzxzrb0fmnYOUeZHvwa4PHzwXOLZZPwtEs2SKLLKLXeYwZKBB+DlOxUvFmarOnmt//cU4+3US2lyyQ==",
      "requires": {
        "d3-dispatch": "1.0.3",
        "d3-selection": "1.3.0"
      }
    },
    "d3-selection": {
      "version": "1.3.0",
      "resolved": "https://registry.npmjs.org/d3-selection/-/d3-selection-1.3.0.tgz",
      "integrity": "sha512-qgpUOg9tl5CirdqESUAu0t9MU/t3O9klYfGfyKsXEmhyxyzLpzpeh08gaxBUTQw1uXIOkr/30Ut2YRjSSxlmHA=="
    },
    "d3-timer": {
      "version": "1.0.7",
      "resolved": "https://registry.npmjs.org/d3-timer/-/d3-timer-1.0.7.tgz",
      "integrity": "sha512-vMZXR88XujmG/L5oB96NNKH5lCWwiLM/S2HyyAQLcjWJCloK5shxta4CwOFYLZoY3AWX73v8Lgv4cCAdWtRmOA=="
    },
    "end-of-stream": {
      "version": "1.4.1",
      "resolved": "https://registry.npmjs.org/end-of-stream/-/end-of-stream-1.4.1.tgz",
      "integrity": "sha512-1MkrZNvWTKCaigbn+W15elq2BB/L22nqrSY5DKlo3X6+vclJm8Bb5djXJBmEX6fS3+zCh/F4VBK5Z2KxJt4s2Q==",
      "requires": {
        "once": "1.4.0"
      }
    },
    "heap": {
      "version": "0.2.6",
      "resolved": "https://registry.npmjs.org/heap/-/heap-0.2.6.tgz",
      "integrity": "sha1-CH4fELBGky/IWU3Z5tN4r8nR5aw="
    },
    "inherits": {
      "version": "2.0.3",
      "resolved": "https://registry.npmjs.org/inherits/-/inherits-2.0.3.tgz",
      "integrity": "sha1-Yzwsg+PaQqUC9SRmAiSA9CCCYd4="
    },
    "jquery": {
      "version": "3.3.1",
      "resolved": "https://registry.npmjs.org/jquery/-/jquery-3.3.1.tgz",
      "integrity": "sha512-Ubldcmxp5np52/ENotGxlLe6aGMvmF4R8S6tZjsP6Knsaxd/xp3Zrh50cG93lR6nPXyUFwzN3ZSOQI0wRJNdGg=="
    },
    "lodash._arraycopy": {
      "version": "3.0.0",
      "resolved": "https://registry.npmjs.org/lodash._arraycopy/-/lodash._arraycopy-3.0.0.tgz",
      "integrity": "sha1-due3wfH7klRzdIeKVi7Qaj5Q9uE="
    },
    "lodash._arrayeach": {
      "version": "3.0.0",
      "resolved": "https://registry.npmjs.org/lodash._arrayeach/-/lodash._arrayeach-3.0.0.tgz",
      "integrity": "sha1-urFWsqkNPxu9XGU0AzSeXlkz754="
    },
    "lodash._baseassign": {
      "version": "3.2.0",
      "resolved": "https://registry.npmjs.org/lodash._baseassign/-/lodash._baseassign-3.2.0.tgz",
      "integrity": "sha1-jDigmVAPIVrQnlnxci/QxSv+Ck4=",
      "requires": {
        "lodash._basecopy": "3.0.1",
        "lodash.keys": "3.1.2"
      }
    },
    "lodash._baseclone": {
      "version": "3.3.0",
      "resolved": "https://registry.npmjs.org/lodash._baseclone/-/lodash._baseclone-3.3.0.tgz",
      "integrity": "sha1-MDUZv2OT/n5C802LYw73eU41Qrc=",
      "requires": {
        "lodash._arraycopy": "3.0.0",
        "lodash._arrayeach": "3.0.0",
        "lodash._baseassign": "3.2.0",
        "lodash._basefor": "3.0.3",
        "lodash.isarray": "3.0.4",
        "lodash.keys": "3.1.2"
      }
    },
    "lodash._basecopy": {
      "version": "3.0.1",
      "resolved": "https://registry.npmjs.org/lodash._basecopy/-/lodash._basecopy-3.0.1.tgz",
      "integrity": "sha1-jaDmqHbPNEwK2KVIghEd08XHyjY="
    },
    "lodash._basefor": {
      "version": "3.0.3",
      "resolved": "https://registry.npmjs.org/lodash._basefor/-/lodash._basefor-3.0.3.tgz",
      "integrity": "sha1-dVC06SGO8J+tJDQ7YSAhx5tMIMI="
    },
    "lodash._bindcallback": {
      "version": "3.0.1",
      "resolved": "https://registry.npmjs.org/lodash._bindcallback/-/lodash._bindcallback-3.0.1.tgz",
      "integrity": "sha1-5THCdkTPi1epnhftlbNcdIeJOS4="
    },
    "lodash._createassigner": {
      "version": "3.1.1",
      "resolved": "https://registry.npmjs.org/lodash._createassigner/-/lodash._createassigner-3.1.1.tgz",
      "integrity": "sha1-g4pbri/aymOsIt7o4Z+k5taXCxE=",
      "requires": {
        "lodash._bindcallback": "3.0.1",
        "lodash._isiterateecall": "3.0.9",
        "lodash.restparam": "3.6.1"
      }
    },
    "lodash._getnative": {
      "version": "3.9.1",
      "resolved": "https://registry.npmjs.org/lodash._getnative/-/lodash._getnative-3.9.1.tgz",
      "integrity": "sha1-VwvH3t5G1hzc3mh9ZdPuy6o6r/U="
    },
    "lodash._isiterateecall": {
      "version": "3.0.9",
      "resolved": "https://registry.npmjs.org/lodash._isiterateecall/-/lodash._isiterateecall-3.0.9.tgz",
      "integrity": "sha1-UgOte6Ql+uhCRg5pbbnPPmqsBXw="
    },
    "lodash.clone": {
      "version": "3.0.3",
      "resolved": "https://registry.npmjs.org/lodash.clone/-/lodash.clone-3.0.3.tgz",
      "integrity": "sha1-hGiMc9MrWpDKJWFpY/GJJSqZcEM=",
      "requires": {
        "lodash._baseclone": "3.3.0",
        "lodash._bindcallback": "3.0.1",
        "lodash._isiterateecall": "3.0.9"
      }
    },
    "lodash.debounce": {
      "version": "4.0.8",
      "resolved": "https://registry.npmjs.org/lodash.debounce/-/lodash.debounce-4.0.8.tgz",
      "integrity": "sha1-gteb/zCmfEAF/9XiUVMArZyk168="
    },
    "lodash.isarguments": {
      "version": "3.1.0",
      "resolved": "https://registry.npmjs.org/lodash.isarguments/-/lodash.isarguments-3.1.0.tgz",
      "integrity": "sha1-L1c9hcaiQon/AGY7SRwdM4/zRYo="
    },
    "lodash.isarray": {
      "version": "3.0.4",
      "resolved": "https://registry.npmjs.org/lodash.isarray/-/lodash.isarray-3.0.4.tgz",
      "integrity": "sha1-eeTriMNqgSKvhvhEqpvNhRtfu1U="
    },
    "lodash.isplainobject": {
      "version": "3.2.0",
      "resolved": "https://registry.npmjs.org/lodash.isplainobject/-/lodash.isplainobject-3.2.0.tgz",
      "integrity": "sha1-moI4rhayAEMpYM1zRlEtASP79MU=",
      "requires": {
        "lodash._basefor": "3.0.3",
        "lodash.isarguments": "3.1.0",
        "lodash.keysin": "3.0.8"
      }
    },
    "lodash.istypedarray": {
      "version": "3.0.6",
      "resolved": "https://registry.npmjs.org/lodash.istypedarray/-/lodash.istypedarray-3.0.6.tgz",
      "integrity": "sha1-yaR3SYYHUB2OhJTSg7h8OSgc72I="
    },
    "lodash.keys": {
      "version": "3.1.2",
      "resolved": "https://registry.npmjs.org/lodash.keys/-/lodash.keys-3.1.2.tgz",
      "integrity": "sha1-TbwEcrFWvlCgsoaFXRvQsMZWCYo=",
      "requires": {
        "lodash._getnative": "3.9.1",
        "lodash.isarguments": "3.1.0",
        "lodash.isarray": "3.0.4"
      }
    },
    "lodash.keysin": {
      "version": "3.0.8",
      "resolved": "https://registry.npmjs.org/lodash.keysin/-/lodash.keysin-3.0.8.tgz",
      "integrity": "sha1-IsRJPrvtsUJ5YqVLRFssinZ/tH8=",
      "requires": {
        "lodash.isarguments": "3.1.0",
        "lodash.isarray": "3.0.4"
      }
    },
    "lodash.merge": {
      "version": "3.3.2",
      "resolved": "https://registry.npmjs.org/lodash.merge/-/lodash.merge-3.3.2.tgz",
      "integrity": "sha1-DZDZPtY3sYeEN7s+IWASYNev6ZQ=",
      "requires": {
        "lodash._arraycopy": "3.0.0",
        "lodash._arrayeach": "3.0.0",
        "lodash._createassigner": "3.1.1",
        "lodash._getnative": "3.9.1",
        "lodash.isarguments": "3.1.0",
        "lodash.isarray": "3.0.4",
        "lodash.isplainobject": "3.2.0",
        "lodash.istypedarray": "3.0.6",
        "lodash.keys": "3.1.2",
        "lodash.keysin": "3.0.8",
        "lodash.toplainobject": "3.0.0"
      }
    },
    "lodash.restparam": {
      "version": "3.6.1",
      "resolved": "https://registry.npmjs.org/lodash.restparam/-/lodash.restparam-3.6.1.tgz",
      "integrity": "sha1-k2pOMJ7zMKdkXtQUWYbIWuWyCAU="
    },
    "lodash.toplainobject": {
      "version": "3.0.0",
      "resolved": "https://registry.npmjs.org/lodash.toplainobject/-/lodash.toplainobject-3.0.0.tgz",
      "integrity": "sha1-KHkK2ULSk9eKpmOgfs9/UsoEGY0=",
      "requires": {
        "lodash._basecopy": "3.0.1",
        "lodash.keysin": "3.0.8"
      }
    },
    "once": {
      "version": "1.4.0",
      "resolved": "https://registry.npmjs.org/once/-/once-1.4.0.tgz",
      "integrity": "sha1-WDsap3WWHUsROsF9nFC6753Xa9E=",
      "requires": {
        "wrappy": "1.0.2"
      }
    },
    "process-nextick-args": {
      "version": "1.0.7",
      "resolved": "https://registry.npmjs.org/process-nextick-args/-/process-nextick-args-1.0.7.tgz",
      "integrity": "sha1-FQ4gt1ZZCtP5EJPyWk8q2L/zC6M="
    },
    "runtime": {
      "version": "0.14.1",
      "resolved": "https://registry.npmjs.org/runtime/-/runtime-0.14.1.tgz",
      "integrity": "sha1-smcCyzwB8F/IIEEzXp7I2WxYUss=",
      "requires": {
        "async-done": "1.2.4",
        "createClass": "1.0.7",
        "lodash.clone": "3.0.3",
        "lodash.merge": "3.3.2",
        "once": "1.4.0"
      }
    },
    "stream-exhaust": {
      "version": "1.0.2",
      "resolved": "https://registry.npmjs.org/stream-exhaust/-/stream-exhaust-1.0.2.tgz",
      "integrity": "sha512-b/qaq/GlBK5xaq1yrK9/zFcyRSTNxmcZwFLGSTG0mXgZl/4Z6GgiyYOXOvY7N3eEvFRAG1bkDRz5EPGSvPYQlw=="
    },
    "weaverjs": {
      "version": "1.2.0",
      "resolved": "https://registry.npmjs.org/weaverjs/-/weaverjs-1.2.0.tgz",
      "integrity": "sha1-ZUwVzHNbZgodrkx8JjzXx0ZRL6A="
    },
    "webcola": {
      "version": "3.3.8",
      "resolved": "https://registry.npmjs.org/webcola/-/webcola-3.3.8.tgz",
      "integrity": "sha512-WVDTdHS1SaqYCUJGPdbOhqj44mchDyTC78tozUdqJllwYeJ2554+BWkJfc5kNphT8foip2StCMw1FWsIvGmv9w==",
      "requires": {
        "d3-dispatch": "1.0.3",
        "d3-drag": "1.2.1",
        "d3-timer": "1.0.7"
      }
    },
    "wrappy": {
      "version": "1.0.2",
      "resolved": "https://registry.npmjs.org/wrappy/-/wrappy-1.0.2.tgz",
      "integrity": "sha1-tSQ9jz7BqjXxNkYFvA0QNuMKtp8="
    }
  }
}
