{
  "requires": true,
  "lockfileVersion": 1,
  "dependencies": {
    "@types/cytoscape": {
      "version": "3.4.3",
      "resolved": "https://registry.npmjs.org/@types/cytoscape/-/cytoscape-3.4.3.tgz",
      "integrity": "sha512-uADb/vBj/xTeNNRvtYlzPz1rftMR4Jf6ipq4jqKfYibMZ173sAbdFM3Fl2fPbGfP28CWJpqhcpHp4+NUq3Ma4g=="
    },
    "@types/mathjs": {
      "version": "5.0.1",
      "resolved": "https://registry.npmjs.org/@types/mathjs/-/mathjs-5.0.1.tgz",
      "integrity": "sha512-EFBuueI+BRed9bnUO6/9my55b4FH+VQIvqMm58h9JGbtaGCkqr3YSDhnmVbM1SJjF//8SURERSypzNwejOk7lA==",
      "requires": {
        "decimal.js": "^10.0.0"
      }
    },
    "decimal.js": {
      "version": "10.2.0",
      "resolved": "https://registry.npmjs.org/decimal.js/-/decimal.js-10.2.0.tgz",
      "integrity": "sha512-vDPw+rDgn3bZe1+F/pyEwb1oMG2XTlRVgAa6B4KccTEpYgF8w6eQllVbQcfIJnZyvzFtFpxnpGtx8dd7DJp/Rw=="
    }
  }
}
